<?xml version="1.0" encoding="utf-8"?>
<Project ToolsVersion="4.0" xmlns="http://schemas.microsoft.com/developer/msbuild/2003">
  <ItemGroup>
    <Filter Include="Source Files">
      <UniqueIdentifier>{4FC737F1-C7A5-4376-A066-2A32D752A2FF}</UniqueIdentifier>
      <Extensions>cpp;c;cc;cxx;c++;cppm;ixx;def;odl;idl;hpj;bat;asm;asmx</Extensions>
    </Filter>
    <Filter Include="Header Files">
      <UniqueIdentifier>{93995380-89BD-4b04-88EB-625FBE52EBFB}</UniqueIdentifier>
      <Extensions>h;hh;hpp;hxx;h++;hm;inl;inc;ipp;xsd</Extensions>
    </Filter>
  </ItemGroup>
  <ItemGroup>
    <ClCompile Include="src\main.cpp"><Filter>Source Files</Filter></ClCompile>
    <ClCompile Include="src\audio\sound_manager.cpp"><Filter>Source Files</Filter></ClCompile>
    <ClCompile Include="src\game\puzzle_gen.cpp"><Filter>Source Files</Filter></ClCompile>
    <ClCompile Include="src\game\sokoban.cpp"><Filter>Source Files</Filter></ClCompile>
    <ClCompile Include="src\gfx\hud.cpp"><Filter>Source Files</Filter></ClCompile>
    <ClCompile Include="src\gfx\renderer.cpp"><Filter>Source Files</Filter></ClCompile>
    <ClCompile Include="src\save\save_data.cpp"><Filter>Source Files</Filter></ClCompile>
    <ClCompile Include="src\state\debug_state.cpp"><Filter>Source Files</Filter></ClCompile>
    <ClCompile Include="src\state\endless_state.cpp"><Filter>Source Files</Filter></ClCompile>
    <ClCompile Include="src\state\event_state.cpp"><Filter>Source Files</Filter></ClCompile>
    <ClCompile Include="src\state\gallery_state.cpp"><Filter>Source Files</Filter></ClCompile>
    <ClCompile Include="src\state\menu_state.cpp"><Filter>Source Files</Filter></ClCompile>
    <ClCompile Include="src\state\practice_menu_state.cpp"><Filter>Source Files</Filter></ClCompile>
    <ClCompile Include="src\state\puzzle_state.cpp"><Filter>Source Files</Filter></ClCompile>
    <ClCompile Include="src\state\save_select_state.cpp"><Filter>Source Files</Filter></ClCompile>
    <ClCompile Include="src\state\settings_state.cpp"><Filter>Source Files</Filter></ClCompile>
    <ClCompile Include="src\state\state_manager.cpp"><Filter>Source Files</Filter></ClCompile>
    <ClCompile Include="src\state\title_state.cpp"><Filter>Source Files</Filter></ClCompile>
    <ClInclude Include="src\audio\sound_manager.h"><Filter>Header Files</Filter></ClInclude>
    <ClInclude Include="src\game\event_script.h"><Filter>Header Files</Filter></ClInclude>
    <ClInclude Include="src\game\levels.h"><Filter>Header Files</Filter></ClInclude>
    <ClInclude Include="src\game\puzzle_gen.h"><Filter>Header Files</Filter></ClInclude>
    <ClInclude Include="src\game\sokoban.h"><Filter>Header Files</Filter></ClInclude>
    <ClInclude Include="src\game\story_data.h"><Filter>Header Files</Filter></ClInclude>
    <ClInclude Include="src\gfx\hud.h"><Filter>Header Files</Filter></ClInclude>
    <ClInclude Include="src\gfx\renderer.h"><Filter>Header Files</Filter></ClInclude>
    <ClInclude Include="src\save\save_data.h"><Filter>Header Files</Filter></ClInclude>
    <ClInclude Include="src\state\debug_state.h"><Filter>Header Files</Filter></ClInclude>
    <ClInclude Include="src\state\endless_state.h"><Filter>Header Files</Filter></ClInclude>
    <ClInclude Include="src\state\event_state.h"><Filter>Header Files</Filter></ClInclude>
    <ClInclude Include="src\state\gallery_state.h"><Filter>Header Files</Filter></ClInclude>
    <ClInclude Include="src\state\menu_state.h"><Filter>Header Files</Filter></ClInclude>
    <ClInclude Include="src\state\practice_menu_state.h"><Filter>Header Files</Filter></ClInclude>
    <ClInclude Include="src\state\puzzle_state.h"><Filter>Header Files</Filter></ClInclude>
    <ClInclude Include="src\state\save_select_state.h"><Filter>Header Files</Filter></ClInclude>
    <ClInclude Include="src\state\settings_state.h"><Filter>Header Files</Filter></ClInclude>
    <ClInclude Include="src\state\state.h"><Filter>Header Files</Filter></ClInclude>
    <ClInclude Include="src\state\state_manager.h"><Filter>Header Files</Filter></ClInclude>
    <ClInclude Include="src\state\title_state.h"><Filter>Header Files</Filter></ClInclude>
    <ClInclude Include="include\common_fixed_8x16_sprite_font.h"><Filter>Header Files</Filter></ClInclude>
    <ClInclude Include="include\common_fixed_8x8_sprite_font.h"><Filter>Header Files</Filter></ClInclude>
    <ClInclude Include="include\japanese_sprite_font.h"><Filter>Header Files</Filter></ClInclude>
  </ItemGroup>
</Project>